
Microsoft Visual Studio Solution File, Format Version 12.00
# Visual Studio Version 16
VisualStudioVersion = 16.0.29509.3
MinimumVisualStudioVersion = 10.0.40219.1
Project("{FAE04EC0-301F-11D3-BF4B-00C04F79EFBC}") = "ArnMonitorBancadaWPF", "ArnMonitorBancadaWPF\ArnMonitorBancadaWPF.csproj", "{4178D084-0B26-404D-9B53-207774EFFFC4}"
EndProject
Project("{2150E333-8FDC-42A3-9474-1A3956D46DE8}") = "10 - UTIL", "10 - UTIL", "{8D8E0D39-4E9E-479D-8616-B91DCCF37D9B}"
EndProject
Project("{FAE04EC0-301F-11D3-BF4B-00C04F79EFBC}") = "SesionManager", "SesionManager\SesionManager.csproj", "{17430546-F901-4E02-BF4F-1D3485D2F7D6}"
EndProject
Project("{2150E333-8FDC-42A3-9474-1A3956D46DE8}") = "00 - TEST", "00 - TEST", "{901C8149-98B2-4DB8-A9C4-3F99E26158E2}"
EndProject
Project("{2150E333-8FDC-42A3-9474-1A3956D46DE8}") = "01 - PRESENTACION", "01 - PRESENTACION", "{B6569AE0-2C06-4754-B0B9-05DD201F3218}"
EndProject
Project("{2150E333-8FDC-42A3-9474-1A3956D46DE8}") = "02 - DOMINIO", "02 - DOMINIO", "{0C5D73F7-6424-42BD-952E-B5D63748B511}"
EndProject
Project("{FAE04EC0-301F-11D3-BF4B-00C04F79EFBC}") = "Entidades", "Entidades\Entidades.csproj", "{9CD4738C-5812-4AA5-818F-A945A834638C}"
EndProject
Project("{2150E333-8FDC-42A3-9474-1A3956D46DE8}") = "03 - DATOS", "03 - DATOS", "{D4A1514D-9CEE-4D6D-BB85-62EDA65C51D0}"
EndProject
Project("{FAE04EC0-301F-11D3-BF4B-00C04F79EFBC}") = "EF", "EF\EF.csproj", "{8F45C395-9C4A-43C9-BF9F-CF0604E84BC6}"
EndProject
Project("{FAE04EC0-301F-11D3-BF4B-00C04F79EFBC}") = "SQLite", "SQLite\SQLite.csproj", "{14E4E80A-E1E6-4FC2-A560-EC3A0839DECF}"
EndProject
Project("{FAE04EC0-301F-11D3-BF4B-00C04F79EFBC}") = "IRepositorios", "IRepositorios\IRepositorios.csproj", "{C2E56DA1-02E1-44F6-A4CE-CAA259B825D8}"
EndProject
Project("{FAE04EC0-301F-11D3-BF4B-00C04F79EFBC}") = "ConfiguracionLocal", "ConfiguracionLocal\ConfiguracionLocal.csproj", "{96854320-259B-4F75-8641-9C8A4F6D9649}"
EndProject
Project("{2150E333-8FDC-42A3-9474-1A3956D46DE8}") = "04 - SERVICIOS", "04 - SERVICIOS", "{36289E03-28E2-4571-A4C3-789DBA5B58C4}"
EndProject
Project("{FAE04EC0-301F-11D3-BF4B-00C04F79EFBC}") = "MQTT", "MQTT\MQTT.csproj", "{0940081E-DE44-4ADA-B342-4291478A9B3D}"
EndProject
Project("{FAE04EC0-301F-11D3-BF4B-00C04F79EFBC}") = "Turnos", "Turnos\Turnos.csproj", "{95F788F7-AF25-426D-98C5-4A6262FA3832}"
EndProject
Project("{FAE04EC0-301F-11D3-BF4B-00C04F79EFBC}") = "CalculoActividad", "CalculoActividad\CalculoActividad.csproj", "{5F574142-9C7C-4206-89C1-49EC938E2032}"
EndProject
Project("{FAE04EC0-301F-11D3-BF4B-00C04F79EFBC}") = "Logs", "Logs\Logs.csproj", "{10AA68AB-8FCB-4428-8EBC-D1A128494EF1}"
EndProject
Global
	GlobalSection(SolutionConfigurationPlatforms) = preSolution
		Debug|Any CPU = Debug|Any CPU
		Release|Any CPU = Release|Any CPU
	EndGlobalSection
	GlobalSection(ProjectConfigurationPlatforms) = postSolution
		{4178D084-0B26-404D-9B53-207774EFFFC4}.Debug|Any CPU.ActiveCfg = Debug|Any CPU
		{4178D084-0B26-404D-9B53-207774EFFFC4}.Debug|Any CPU.Build.0 = Debug|Any CPU
		{4178D084-0B26-404D-9B53-207774EFFFC4}.Release|Any CPU.ActiveCfg = Release|Any CPU
		{4178D084-0B26-404D-9B53-207774EFFFC4}.Release|Any CPU.Build.0 = Release|Any CPU
		{17430546-F901-4E02-BF4F-1D3485D2F7D6}.Debug|Any CPU.ActiveCfg = Debug|Any CPU
		{17430546-F901-4E02-BF4F-1D3485D2F7D6}.Debug|Any CPU.Build.0 = Debug|Any CPU
		{17430546-F901-4E02-BF4F-1D3485D2F7D6}.Release|Any CPU.ActiveCfg = Release|Any CPU
		{17430546-F901-4E02-BF4F-1D3485D2F7D6}.Release|Any CPU.Build.0 = Release|Any CPU
		{9CD4738C-5812-4AA5-818F-A945A834638C}.Debug|Any CPU.ActiveCfg = Debug|Any CPU
		{9CD4738C-5812-4AA5-818F-A945A834638C}.Debug|Any CPU.Build.0 = Debug|Any CPU
		{9CD4738C-5812-4AA5-818F-A945A834638C}.Release|Any CPU.ActiveCfg = Release|Any CPU
		{9CD4738C-5812-4AA5-818F-A945A834638C}.Release|Any CPU.Build.0 = Release|Any CPU
		{8F45C395-9C4A-43C9-BF9F-CF0604E84BC6}.Debug|Any CPU.ActiveCfg = Debug|Any CPU
		{8F45C395-9C4A-43C9-BF9F-CF0604E84BC6}.Debug|Any CPU.Build.0 = Debug|Any CPU
		{8F45C395-9C4A-43C9-BF9F-CF0604E84BC6}.Release|Any CPU.ActiveCfg = Release|Any CPU
		{8F45C395-9C4A-43C9-BF9F-CF0604E84BC6}.Release|Any CPU.Build.0 = Release|Any CPU
		{14E4E80A-E1E6-4FC2-A560-EC3A0839DECF}.Debug|Any CPU.ActiveCfg = Debug|Any CPU
		{14E4E80A-E1E6-4FC2-A560-EC3A0839DECF}.Debug|Any CPU.Build.0 = Debug|Any CPU
		{14E4E80A-E1E6-4FC2-A560-EC3A0839DECF}.Release|Any CPU.ActiveCfg = Release|Any CPU
		{14E4E80A-E1E6-4FC2-A560-EC3A0839DECF}.Release|Any CPU.Build.0 = Release|Any CPU
		{C2E56DA1-02E1-44F6-A4CE-CAA259B825D8}.Debug|Any CPU.ActiveCfg = Debug|Any CPU
		{C2E56DA1-02E1-44F6-A4CE-CAA259B825D8}.Debug|Any CPU.Build.0 = Debug|Any CPU
		{C2E56DA1-02E1-44F6-A4CE-CAA259B825D8}.Release|Any CPU.ActiveCfg = Release|Any CPU
		{C2E56DA1-02E1-44F6-A4CE-CAA259B825D8}.Release|Any CPU.Build.0 = Release|Any CPU
		{96854320-259B-4F75-8641-9C8A4F6D9649}.Debug|Any CPU.ActiveCfg = Debug|Any CPU
		{96854320-259B-4F75-8641-9C8A4F6D9649}.Debug|Any CPU.Build.0 = Debug|Any CPU
		{96854320-259B-4F75-8641-9C8A4F6D9649}.Release|Any CPU.ActiveCfg = Release|Any CPU
		{96854320-259B-4F75-8641-9C8A4F6D9649}.Release|Any CPU.Build.0 = Release|Any CPU
		{0940081E-DE44-4ADA-B342-4291478A9B3D}.Debug|Any CPU.ActiveCfg = Debug|Any CPU
		{0940081E-DE44-4ADA-B342-4291478A9B3D}.Debug|Any CPU.Build.0 = Debug|Any CPU
		{0940081E-DE44-4ADA-B342-4291478A9B3D}.Release|Any CPU.ActiveCfg = Release|Any CPU
		{0940081E-DE44-4ADA-B342-4291478A9B3D}.Release|Any CPU.Build.0 = Release|Any CPU
		{95F788F7-AF25-426D-98C5-4A6262FA3832}.Debug|Any CPU.ActiveCfg = Debug|Any CPU
		{95F788F7-AF25-426D-98C5-4A6262FA3832}.Debug|Any CPU.Build.0 = Debug|Any CPU
		{95F788F7-AF25-426D-98C5-4A6262FA3832}.Release|Any CPU.ActiveCfg = Release|Any CPU
		{95F788F7-AF25-426D-98C5-4A6262FA3832}.Release|Any CPU.Build.0 = Release|Any CPU
		{5F574142-9C7C-4206-89C1-49EC938E2032}.Debug|Any CPU.ActiveCfg = Debug|Any CPU
		{5F574142-9C7C-4206-89C1-49EC938E2032}.Debug|Any CPU.Build.0 = Debug|Any CPU
		{5F574142-9C7C-4206-89C1-49EC938E2032}.Release|Any CPU.ActiveCfg = Release|Any CPU
		{5F574142-9C7C-4206-89C1-49EC938E2032}.Release|Any CPU.Build.0 = Release|Any CPU
		{10AA68AB-8FCB-4428-8EBC-D1A128494EF1}.Debug|Any CPU.ActiveCfg = Debug|Any CPU
		{10AA68AB-8FCB-4428-8EBC-D1A128494EF1}.Debug|Any CPU.Build.0 = Debug|Any CPU
		{10AA68AB-8FCB-4428-8EBC-D1A128494EF1}.Release|Any CPU.ActiveCfg = Release|Any CPU
		{10AA68AB-8FCB-4428-8EBC-D1A128494EF1}.Release|Any CPU.Build.0 = Release|Any CPU
	EndGlobalSection
	GlobalSection(SolutionProperties) = preSolution
		HideSolutionNode = FALSE
	EndGlobalSection
	GlobalSection(NestedProjects) = preSolution
		{4178D084-0B26-404D-9B53-207774EFFFC4} = {B6569AE0-2C06-4754-B0B9-05DD201F3218}
		{17430546-F901-4E02-BF4F-1D3485D2F7D6} = {8D8E0D39-4E9E-479D-8616-B91DCCF37D9B}
		{9CD4738C-5812-4AA5-818F-A945A834638C} = {0C5D73F7-6424-42BD-952E-B5D63748B511}
		{8F45C395-9C4A-43C9-BF9F-CF0604E84BC6} = {D4A1514D-9CEE-4D6D-BB85-62EDA65C51D0}
		{14E4E80A-E1E6-4FC2-A560-EC3A0839DECF} = {D4A1514D-9CEE-4D6D-BB85-62EDA65C51D0}
		{C2E56DA1-02E1-44F6-A4CE-CAA259B825D8} = {D4A1514D-9CEE-4D6D-BB85-62EDA65C51D0}
		{96854320-259B-4F75-8641-9C8A4F6D9649} = {D4A1514D-9CEE-4D6D-BB85-62EDA65C51D0}
		{0940081E-DE44-4ADA-B342-4291478A9B3D} = {36289E03-28E2-4571-A4C3-789DBA5B58C4}
		{95F788F7-AF25-426D-98C5-4A6262FA3832} = {8D8E0D39-4E9E-479D-8616-B91DCCF37D9B}
		{5F574142-9C7C-4206-89C1-49EC938E2032} = {8D8E0D39-4E9E-479D-8616-B91DCCF37D9B}
		{10AA68AB-8FCB-4428-8EBC-D1A128494EF1} = {8D8E0D39-4E9E-479D-8616-B91DCCF37D9B}
	EndGlobalSection
	GlobalSection(ExtensibilityGlobals) = postSolution
		SolutionGuid = {BA004F9B-4111-45A8-B2A6-620A1CAE7E26}
	EndGlobalSection
EndGlobal
